
Microsoft Visual Studio Solution File, Format Version 12.00
# Visual Studio Version 17
VisualStudioVersion = 17.9.34714.143
MinimumVisualStudioVersion = 10.0.40219.1
Project("{FAE04EC0-301F-11D3-BF4B-00C04F79EFBC}") = "스파르타_던전(TxT)", "스파르타_던전(TxT)\스파르타_던전(TxT).csproj", "{5390BE9D-C66B-4491-A937-E153B28EDCD7}"
EndProject
Global
	GlobalSection(SolutionConfigurationPlatforms) = preSolution
		Debug|Any CPU = Debug|Any CPU
		Release|Any CPU = Release|Any CPU
	EndGlobalSection
	GlobalSection(ProjectConfigurationPlatforms) = postSolution
		{5390BE9D-C66B-4491-A937-E153B28EDCD7}.Debug|Any CPU.ActiveCfg = Debug|Any CPU
		{5390BE9D-C66B-4491-A937-E153B28EDCD7}.Debug|Any CPU.Build.0 = Debug|Any CPU
		{5390BE9D-C66B-4491-A937-E153B28EDCD7}.Release|Any CPU.ActiveCfg = Release|Any CPU
		{5390BE9D-C66B-4491-A937-E153B28EDCD7}.Release|Any CPU.Build.0 = Release|Any CPU
	EndGlobalSection
	GlobalSection(SolutionProperties) = preSolution
		HideSolutionNode = FALSE
	EndGlobalSection
	GlobalSection(ExtensibilityGlobals) = postSolution
		SolutionGuid = {FA6FCF81-2240-4EDC-BCBF-BA72A9A74C96}
	EndGlobalSection
EndGlobal
